// !$*UTF8*$!
{
	archiveVersion = 1;
	classes = {
	};
	objectVersion = 50;
	objects = {

/* Begin PBXBuildFile section */
		1E82C54A254DEEB1000C0A96 /* AppDelegate.swift in Sources */ = {isa = PBXBuildFile; fileRef = 1E82C549254DEEB1000C0A96 /* AppDelegate.swift */; };
		1E82C54C254DEEB1000C0A96 /* SceneDelegate.swift in Sources */ = {isa = PBXBuildFile; fileRef = 1E82C54B254DEEB1000C0A96 /* SceneDelegate.swift */; };
		1E82C54E254DEEB1000C0A96 /* ViewController.swift in Sources */ = {isa = PBXBuildFile; fileRef = 1E82C54D254DEEB1000C0A96 /* ViewController.swift */; };
		1E82C551254DEEB1000C0A96 /* Main.storyboard in Resources */ = {isa = PBXBuildFile; fileRef = 1E82C54F254DEEB1000C0A96 /* Main.storyboard */; };
		1E82C554254DEEB1000C0A96 /* ios_core_data_app.xcdatamodeld in Sources */ = {isa = PBXBuildFile; fileRef = 1E82C552254DEEB1000C0A96 /* ios_core_data_app.xcdatamodeld */; };
		1E82C556254DEEB3000C0A96 /* Assets.xcassets in Resources */ = {isa = PBXBuildFile; fileRef = 1E82C555254DEEB3000C0A96 /* Assets.xcassets */; };
		1E82C559254DEEB3000C0A96 /* LaunchScreen.storyboard in Resources */ = {isa = PBXBuildFile; fileRef = 1E82C557254DEEB3000C0A96 /* LaunchScreen.storyboard */; };
		1E82C564254DEEB3000C0A96 /* ios_core_data_appTests.swift in Sources */ = {isa = PBXBuildFile; fileRef = 1E82C563254DEEB3000C0A96 /* ios_core_data_appTests.swift */; };
		1E82C56F254DEEB3000C0A96 /* ios_core_data_appUITests.swift in Sources */ = {isa = PBXBuildFile; fileRef = 1E82C56E254DEEB3000C0A96 /* ios_core_data_appUITests.swift */; };
/* End PBXBuildFile section */

/* Begin PBXContainerItemProxy section */
		1E82C560254DEEB3000C0A96 /* PBXContainerItemProxy */ = {
			isa = PBXContainerItemProxy;
			containerPortal = 1E82C53E254DEEB0000C0A96 /* Project object */;
			proxyType = 1;
			remoteGlobalIDString = 1E82C545254DEEB1000C0A96;
			remoteInfo = "ios-core-data-app";
		};
		1E82C56B254DEEB3000C0A96 /* PBXContainerItemProxy */ = {
			isa = PBXContainerItemProxy;
			containerPortal = 1E82C53E254DEEB0000C0A96 /* Project object */;
			proxyType = 1;
			remoteGlobalIDString = 1E82C545254DEEB1000C0A96;
			remoteInfo = "ios-core-data-app";
		};
/* End PBXContainerItemProxy section */

/* Begin PBXFileReference section */
		1E82C546254DEEB1000C0A96 /* ios-core-data-app.app */ = {isa = PBXFileReference; explicitFileType = wrapper.application; includeInIndex = 0; path = "ios-core-data-app.app"; sourceTree = BUILT_PRODUCTS_DIR; };
		1E82C549254DEEB1000C0A96 /* AppDelegate.swift */ = {isa = PBXFileReference; lastKnownFileType = sourcecode.swift; path = AppDelegate.swift; sourceTree = "<group>"; };
		1E82C54B254DEEB1000C0A96 /* SceneDelegate.swift */ = {isa = PBXFileReference; lastKnownFileType = sourcecode.swift; path = SceneDelegate.swift; sourceTree = "<group>"; };
		1E82C54D254DEEB1000C0A96 /* ViewController.swift */ = {isa = PBXFileReference; lastKnownFileType = sourcecode.swift; path = ViewController.swift; sourceTree = "<group>"; };
		1E82C550254DEEB1000C0A96 /* Base */ = {isa = PBXFileReference; lastKnownFileType = file.storyboard; name = Base; path = Base.lproj/Main.storyboard; sourceTree = "<group>"; };
		1E82C553254DEEB1000C0A96 /* ios_core_data_app.xcdatamodel */ = {isa = PBXFileReference; lastKnownFileType = wrapper.xcdatamodel; path = ios_core_data_app.xcdatamodel; sourceTree = "<group>"; };
		1E82C555254DEEB3000C0A96 /* Assets.xcassets */ = {isa = PBXFileReference; lastKnownFileType = folder.assetcatalog; path = Assets.xcassets; sourceTree = "<group>"; };
		1E82C558254DEEB3000C0A96 /* Base */ = {isa = PBXFileReference; lastKnownFileType = file.storyboard; name = Base; path = Base.lproj/LaunchScreen.storyboard; sourceTree = "<group>"; };
		1E82C55A254DEEB3000C0A96 /* Info.plist */ = {isa = PBXFileReference; lastKnownFileType = text.plist.xml; path = Info.plist; sourceTree = "<group>"; };
		1E82C55F254DEEB3000C0A96 /* ios-core-data-appTests.xctest */ = {isa = PBXFileReference; explicitFileType = wrapper.cfbundle; includeInIndex = 0; path = "ios-core-data-appTests.xctest"; sourceTree = BUILT_PRODUCTS_DIR; };
		1E82C563254DEEB3000C0A96 /* ios_core_data_appTests.swift */ = {isa = PBXFileReference; lastKnownFileType = sourcecode.swift; path = ios_core_data_appTests.swift; sourceTree = "<group>"; };
		1E82C565254DEEB3000C0A96 /* Info.plist */ = {isa = PBXFileReference; lastKnownFileType = text.plist.xml; path = Info.plist; sourceTree = "<group>"; };
		1E82C56A254DEEB3000C0A96 /* ios-core-data-appUITests.xctest */ = {isa = PBXFileReference; explicitFileType = wrapper.cfbundle; includeInIndex = 0; path = "ios-core-data-appUITests.xctest"; sourceTree = BUILT_PRODUCTS_DIR; };
		1E82C56E254DEEB3000C0A96 /* ios_core_data_appUITests.swift */ = {isa = PBXFileReference; lastKnownFileType = sourcecode.swift; path = ios_core_data_appUITests.swift; sourceTree = "<group>"; };
		1E82C570254DEEB3000C0A96 /* Info.plist */ = {isa = PBXFileReference; lastKnownFileType = text.plist.xml; path = Info.plist; sourceTree = "<group>"; };
/* End PBXFileReference section */

/* Begin PBXFrameworksBuildPhase section */
		1E82C543254DEEB1000C0A96 /* Frameworks */ = {
			isa = PBXFrameworksBuildPhase;
			buildActionMask = 2147483647;
			files = (
			);
			runOnlyForDeploymentPostprocessing = 0;
		};
		1E82C55C254DEEB3000C0A96 /* Frameworks */ = {
			isa = PBXFrameworksBuildPhase;
			buildActionMask = 2147483647;
			files = (
			);
			runOnlyForDeploymentPostprocessing = 0;
		};
		1E82C567254DEEB3000C0A96 /* Frameworks */ = {
			isa = PBXFrameworksBuildPhase;
			buildActionMask = 2147483647;
			files = (
			);
			runOnlyForDeploymentPostprocessing = 0;
		};
/* End PBXFrameworksBuildPhase section */

/* Begin PBXGroup section */
		1E82C53D254DEEB0000C0A96 = {
			isa = PBXGroup;
			children = (
				1E82C548254DEEB1000C0A96 /* ios-core-data-app */,
				1E82C562254DEEB3000C0A96 /* ios-core-data-appTests */,
				1E82C56D254DEEB3000C0A96 /* ios-core-data-appUITests */,
				1E82C547254DEEB1000C0A96 /* Products */,
			);
			sourceTree = "<group>";
		};
		1E82C547254DEEB1000C0A96 /* Products */ = {
			isa = PBXGroup;
			children = (
				1E82C546254DEEB1000C0A96 /* ios-core-data-app.app */,
				1E82C55F254DEEB3000C0A96 /* ios-core-data-appTests.xctest */,
				1E82C56A254DEEB3000C0A96 /* ios-core-data-appUITests.xctest */,
			);
			name = Products;
			sourceTree = "<group>";
		};
		1E82C548254DEEB1000C0A96 /* ios-core-data-app */ = {
			isa = PBXGroup;
			children = (
				1E82C549254DEEB1000C0A96 /* AppDelegate.swift */,
				1E82C54B254DEEB1000C0A96 /* SceneDelegate.swift */,
				1E82C54D254DEEB1000C0A96 /* ViewController.swift */,
				1E82C54F254DEEB1000C0A96 /* Main.storyboard */,
				1E82C555254DEEB3000C0A96 /* Assets.xcassets */,
				1E82C557254DEEB3000C0A96 /* LaunchScreen.storyboard */,
				1E82C55A254DEEB3000C0A96 /* Info.plist */,
				1E82C552254DEEB1000C0A96 /* ios_core_data_app.xcdatamodeld */,
			);
			path = "ios-core-data-app";
			sourceTree = "<group>";
		};
		1E82C562254DEEB3000C0A96 /* ios-core-data-appTests */ = {
			isa = PBXGroup;
			children = (
				1E82C563254DEEB3000C0A96 /* ios_core_data_appTests.swift */,
				1E82C565254DEEB3000C0A96 /* Info.plist */,
			);
			path = "ios-core-data-appTests";
			sourceTree = "<group>";
		};
		1E82C56D254DEEB3000C0A96 /* ios-core-data-appUITests */ = {
			isa = PBXGroup;
			children = (
				1E82C56E254DEEB3000C0A96 /* ios_core_data_appUITests.swift */,
				1E82C570254DEEB3000C0A96 /* Info.plist */,
			);
			path = "ios-core-data-appUITests";
			sourceTree = "<group>";
		};
/* End PBXGroup section */

/* Begin PBXNativeTarget section */
		1E82C545254DEEB1000C0A96 /* ios-core-data-app */ = {
			isa = PBXNativeTarget;
			buildConfigurationList = 1E82C573254DEEB3000C0A96 /* Build configuration list for PBXNativeTarget "ios-core-data-app" */;
			buildPhases = (
				1E82C542254DEEB1000C0A96 /* Sources */,
				1E82C543254DEEB1000C0A96 /* Frameworks */,
				1E82C544254DEEB1000C0A96 /* Resources */,
			);
			buildRules = (
			);
			dependencies = (
			);
			name = "ios-core-data-app";
			productName = "ios-core-data-app";
			productReference = 1E82C546254DEEB1000C0A96 /* ios-core-data-app.app */;
			productType = "com.apple.product-type.application";
		};
		1E82C55E254DEEB3000C0A96 /* ios-core-data-appTests */ = {
			isa = PBXNativeTarget;
			buildConfigurationList = 1E82C576254DEEB3000C0A96 /* Build configuration list for PBXNativeTarget "ios-core-data-appTests" */;
			buildPhases = (
				1E82C55B254DEEB3000C0A96 /* Sources */,
				1E82C55C254DEEB3000C0A96 /* Frameworks */,
				1E82C55D254DEEB3000C0A96 /* Resources */,
			);
			buildRules = (
			);
			dependencies = (
				1E82C561254DEEB3000C0A96 /* PBXTargetDependency */,
			);
			name = "ios-core-data-appTests";
			productName = "ios-core-data-appTests";
			productReference = 1E82C55F254DEEB3000C0A96 /* ios-core-data-appTests.xctest */;
			productType = "com.apple.product-type.bundle.unit-test";
		};
		1E82C569254DEEB3000C0A96 /* ios-core-data-appUITests */ = {
			isa = PBXNativeTarget;
			buildConfigurationList = 1E82C579254DEEB3000C0A96 /* Build configuration list for PBXNativeTarget "ios-core-data-appUITests" */;
			buildPhases = (
				1E82C566254DEEB3000C0A96 /* Sources */,
				1E82C567254DEEB3000C0A96 /* Frameworks */,
				1E82C568254DEEB3000C0A96 /* Resources */,
			);
			buildRules = (
			);
			dependencies = (
				1E82C56C254DEEB3000C0A96 /* PBXTargetDependency */,
			);
			name = "ios-core-data-appUITests";
			productName = "ios-core-data-appUITests";
			productReference = 1E82C56A254DEEB3000C0A96 /* ios-core-data-appUITests.xctest */;
			productType = "com.apple.product-type.bundle.ui-testing";
		};
/* End PBXNativeTarget section */

/* Begin PBXProject section */
		1E82C53E254DEEB0000C0A96 /* Project object */ = {
			isa = PBXProject;
			attributes = {
				LastSwiftUpdateCheck = 1200;
				LastUpgradeCheck = 1200;
				TargetAttributes = {
					1E82C545254DEEB1000C0A96 = {
						CreatedOnToolsVersion = 12.0.1;
					};
					1E82C55E254DEEB3000C0A96 = {
						CreatedOnToolsVersion = 12.0.1;
						TestTargetID = 1E82C545254DEEB1000C0A96;
					};
					1E82C569254DEEB3000C0A96 = {
						CreatedOnToolsVersion = 12.0.1;
						TestTargetID = 1E82C545254DEEB1000C0A96;
					};
				};
			};
			buildConfigurationList = 1E82C541254DEEB0000C0A96 /* Build configuration list for PBXProject "ios-core-data-app" */;
			compatibilityVersion = "Xcode 9.3";
			developmentRegion = en;
			hasScannedForEncodings = 0;
			knownRegions = (
				en,
				Base,
			);
			mainGroup = 1E82C53D254DEEB0000C0A96;
			productRefGroup = 1E82C547254DEEB1000C0A96 /* Products */;
			projectDirPath = "";
			projectRoot = "";
			targets = (
				1E82C545254DEEB1000C0A96 /* ios-core-data-app */,
				1E82C55E254DEEB3000C0A96 /* ios-core-data-appTests */,
				1E82C569254DEEB3000C0A96 /* ios-core-data-appUITests */,
			);
		};
/* End PBXProject section */

/* Begin PBXResourcesBuildPhase section */
		1E82C544254DEEB1000C0A96 /* Resources */ = {
			isa = PBXResourcesBuildPhase;
			buildActionMask = 2147483647;
			files = (
				1E82C559254DEEB3000C0A96 /* LaunchScreen.storyboard in Resources */,
				1E82C556254DEEB3000C0A96 /* Assets.xcassets in Resources */,
				1E82C551254DEEB1000C0A96 /* Main.storyboard in Resources */,
			);
			runOnlyForDeploymentPostprocessing = 0;
		};
		1E82C55D254DEEB3000C0A96 /* Resources */ = {
			isa = PBXResourcesBuildPhase;
			buildActionMask = 2147483647;
			files = (
			);
			runOnlyForDeploymentPostprocessing = 0;
		};
		1E82C568254DEEB3000C0A96 /* Resources */ = {
			isa = PBXResourcesBuildPhase;
			buildActionMask = 2147483647;
			files = (
			);
			runOnlyForDeploymentPostprocessing = 0;
		};
/* End PBXResourcesBuildPhase section */

/* Begin PBXSourcesBuildPhase section */
		1E82C542254DEEB1000C0A96 /* Sources */ = {
			isa = PBXSourcesBuildPhase;
			buildActionMask = 2147483647;
			files = (
				1E82C54E254DEEB1000C0A96 /* ViewController.swift in Sources */,
				1E82C54A254DEEB1000C0A96 /* AppDelegate.swift in Sources */,
				1E82C554254DEEB1000C0A96 /* ios_core_data_app.xcdatamodeld in Sources */,
				1E82C54C254DEEB1000C0A96 /* SceneDelegate.swift in Sources */,
			);
			runOnlyForDeploymentPostprocessing = 0;
		};
		1E82C55B254DEEB3000C0A96 /* Sources */ = {
			isa = PBXSourcesBuildPhase;
			buildActionMask = 2147483647;
			files = (
				1E82C564254DEEB3000C0A96 /* ios_core_data_appTests.swift in Sources */,
			);
			runOnlyForDeploymentPostprocessing = 0;
		};
		1E82C566254DEEB3000C0A96 /* Sources */ = {
			isa = PBXSourcesBuildPhase;
			buildActionMask = 2147483647;
			files = (
				1E82C56F254DEEB3000C0A96 /* ios_core_data_appUITests.swift in Sources */,
			);
			runOnlyForDeploymentPostprocessing = 0;
		};
/* End PBXSourcesBuildPhase section */

/* Begin PBXTargetDependency section */
		1E82C561254DEEB3000C0A96 /* PBXTargetDependency */ = {
			isa = PBXTargetDependency;
			target = 1E82C545254DEEB1000C0A96 /* ios-core-data-app */;
			targetProxy = 1E82C560254DEEB3000C0A96 /* PBXContainerItemProxy */;
		};
		1E82C56C254DEEB3000C0A96 /* PBXTargetDependency */ = {
			isa = PBXTargetDependency;
			target = 1E82C545254DEEB1000C0A96 /* ios-core-data-app */;
			targetProxy = 1E82C56B254DEEB3000C0A96 /* PBXContainerItemProxy */;
		};
/* End PBXTargetDependency section */

/* Begin PBXVariantGroup section */
		1E82C54F254DEEB1000C0A96 /* Main.storyboard */ = {
			isa = PBXVariantGroup;
			children = (
				1E82C550254DEEB1000C0A96 /* Base */,
			);
			name = Main.storyboard;
			sourceTree = "<group>";
		};
		1E82C557254DEEB3000C0A96 /* LaunchScreen.storyboard */ = {
			isa = PBXVariantGroup;
			children = (
				1E82C558254DEEB3000C0A96 /* Base */,
			);
			name = LaunchScreen.storyboard;
			sourceTree = "<group>";
		};
/* End PBXVariantGroup section */

/* Begin XCBuildConfiguration section */
		1E82C571254DEEB3000C0A96 /* Debug */ = {
			isa = XCBuildConfiguration;
			buildSettings = {
				ALWAYS_SEARCH_USER_PATHS = NO;
				CLANG_ANALYZER_NONNULL = YES;
				CLANG_ANALYZER_NUMBER_OBJECT_CONVERSION = YES_AGGRESSIVE;
				CLANG_CXX_LANGUAGE_STANDARD = "gnu++14";
				CLANG_CXX_LIBRARY = "libc++";
				CLANG_ENABLE_MODULES = YES;
				CLANG_ENABLE_OBJC_ARC = YES;
				CLANG_ENABLE_OBJC_WEAK = YES;
				CLANG_WARN_BLOCK_CAPTURE_AUTORELEASING = YES;
				CLANG_WARN_BOOL_CONVERSION = YES;
				CLANG_WARN_COMMA = YES;
				CLANG_WARN_CONSTANT_CONVERSION = YES;
				CLANG_WARN_DEPRECATED_OBJC_IMPLEMENTATIONS = YES;
				CLANG_WARN_DIRECT_OBJC_ISA_USAGE = YES_ERROR;
				CLANG_WARN_DOCUMENTATION_COMMENTS = YES;
				CLANG_WARN_EMPTY_BODY = YES;
				CLANG_WARN_ENUM_CONVERSION = YES;
				CLANG_WARN_INFINITE_RECURSION = YES;
				CLANG_WARN_INT_CONVERSION = YES;
				CLANG_WARN_NON_LITERAL_NULL_CONVERSION = YES;
				CLANG_WARN_OBJC_IMPLICIT_RETAIN_SELF = YES;
				CLANG_WARN_OBJC_LITERAL_CONVERSION = YES;
				CLANG_WARN_OBJC_ROOT_CLASS = YES_ERROR;
				CLANG_WARN_QUOTED_INCLUDE_IN_FRAMEWORK_HEADER = YES;
				CLANG_WARN_RANGE_LOOP_ANALYSIS = YES;
				CLANG_WARN_STRICT_PROTOTYPES = YES;
				CLANG_WARN_SUSPICIOUS_MOVE = YES;
				CLANG_WARN_UNGUARDED_AVAILABILITY = YES_AGGRESSIVE;
				CLANG_WARN_UNREACHABLE_CODE = YES;
				CLANG_WARN__DUPLICATE_METHOD_MATCH = YES;
				COPY_PHASE_STRIP = NO;
				DEBUG_INFORMATION_FORMAT = dwarf;
				ENABLE_STRICT_OBJC_MSGSEND = YES;
				ENABLE_TESTABILITY = YES;
				GCC_C_LANGUAGE_STANDARD = gnu11;
				GCC_DYNAMIC_NO_PIC = NO;
				GCC_NO_COMMON_BLOCKS = YES;
				GCC_OPTIMIZATION_LEVEL = 0;
				GCC_PREPROCESSOR_DEFINITIONS = (
					"DEBUG=1",
					"$(inherited)",
				);
				GCC_WARN_64_TO_32_BIT_CONVERSION = YES;
				GCC_WARN_ABOUT_RETURN_TYPE = YES_ERROR;
				GCC_WARN_UNDECLARED_SELECTOR = YES;
				GCC_WARN_UNINITIALIZED_AUTOS = YES_AGGRESSIVE;
				GCC_WARN_UNUSED_FUNCTION = YES;
				GCC_WARN_UNUSED_VARIABLE = YES;
				IPHONEOS_DEPLOYMENT_TARGET = 14.0;
				MTL_ENABLE_DEBUG_INFO = INCLUDE_SOURCE;
				MTL_FAST_MATH = YES;
				ONLY_ACTIVE_ARCH = YES;
				SDKROOT = iphoneos;
				SWIFT_ACTIVE_COMPILATION_CONDITIONS = DEBUG;
				SWIFT_OPTIMIZATION_LEVEL = "-Onone";
			};
			name = Debug;
		};
		1E82C572254DEEB3000C0A96 /* Release */ = {
			isa = XCBuildConfiguration;
			buildSettings = {
				ALWAYS_SEARCH_USER_PATHS = NO;
				CLANG_ANALYZER_NONNULL = YES;
				CLANG_ANALYZER_NUMBER_OBJECT_CONVERSION = YES_AGGRESSIVE;
				CLANG_CXX_LANGUAGE_STANDARD = "gnu++14";
				CLANG_CXX_LIBRARY = "libc++";
				CLANG_ENABLE_MODULES = YES;
				CLANG_ENABLE_OBJC_ARC = YES;
				CLANG_ENABLE_OBJC_WEAK = YES;
				CLANG_WARN_BLOCK_CAPTURE_AUTORELEASING = YES;
				CLANG_WARN_BOOL_CONVERSION = YES;
				CLANG_WARN_COMMA = YES;
				CLANG_WARN_CONSTANT_CONVERSION = YES;
				CLANG_WARN_DEPRECATED_OBJC_IMPLEMENTATIONS = YES;
				CLANG_WARN_DIRECT_OBJC_ISA_USAGE = YES_ERROR;
				CLANG_WARN_DOCUMENTATION_COMMENTS = YES;
				CLANG_WARN_EMPTY_BODY = YES;
				CLANG_WARN_ENUM_CONVERSION = YES;
				CLANG_WARN_INFINITE_RECURSION = YES;
				CLANG_WARN_INT_CONVERSION = YES;
				CLANG_WARN_NON_LITERAL_NULL_CONVERSION = YES;
				CLANG_WARN_OBJC_IMPLICIT_RETAIN_SELF = YES;
				CLANG_WARN_OBJC_LITERAL_CONVERSION = YES;
				CLANG_WARN_OBJC_ROOT_CLASS = YES_ERROR;
				CLANG_WARN_QUOTED_INCLUDE_IN_FRAMEWORK_HEADER = YES;
				CLANG_WARN_RANGE_LOOP_ANALYSIS = YES;
				CLANG_WARN_STRICT_PROTOTYPES = YES;
				CLANG_WARN_SUSPICIOUS_MOVE = YES;
				CLANG_WARN_UNGUARDED_AVAILABILITY = YES_AGGRESSIVE;
				CLANG_WARN_UNREACHABLE_CODE = YES;
				CLANG_WARN__DUPLICATE_METHOD_MATCH = YES;
				COPY_PHASE_STRIP = NO;
				DEBUG_INFORMATION_FORMAT = "dwarf-with-dsym";
				ENABLE_NS_ASSERTIONS = NO;
				ENABLE_STRICT_OBJC_MSGSEND = YES;
				GCC_C_LANGUAGE_STANDARD = gnu11;
				GCC_NO_COMMON_BLOCKS = YES;
				GCC_WARN_64_TO_32_BIT_CONVERSION = YES;
				GCC_WARN_ABOUT_RETURN_TYPE = YES_ERROR;
				GCC_WARN_UNDECLARED_SELECTOR = YES;
				GCC_WARN_UNINITIALIZED_AUTOS = YES_AGGRESSIVE;
				GCC_WARN_UNUSED_FUNCTION = YES;
				GCC_WARN_UNUSED_VARIABLE = YES;
				IPHONEOS_DEPLOYMENT_TARGET = 14.0;
				MTL_ENABLE_DEBUG_INFO = NO;
				MTL_FAST_MATH = YES;
				SDKROOT = iphoneos;
				SWIFT_COMPILATION_MODE = wholemodule;
				SWIFT_OPTIMIZATION_LEVEL = "-O";
				VALIDATE_PRODUCT = YES;
			};
			name = Release;
		};
		1E82C574254DEEB3000C0A96 /* Debug */ = {
			isa = XCBuildConfiguration;
			buildSettings = {
				ASSETCATALOG_COMPILER_APPICON_NAME = AppIcon;
				ASSETCATALOG_COMPILER_GLOBAL_ACCENT_COLOR_NAME = AccentColor;
				CODE_SIGN_STYLE = Automatic;
				DEVELOPMENT_TEAM = 2748K8KASH;
				INFOPLIST_FILE = "ios-core-data-app/Info.plist";
				LD_RUNPATH_SEARCH_PATHS = (
					"$(inherited)",
					"@executable_path/Frameworks",
				);
				PRODUCT_BUNDLE_IDENTIFIER = "com.miguelescamilla.ios-core-data-app";
				PRODUCT_NAME = "$(TARGET_NAME)";
				SWIFT_VERSION = 5.0;
				TARGETED_DEVICE_FAMILY = "1,2";
			};
			name = Debug;
		};
		1E82C575254DEEB3000C0A96 /* Release */ = {
			isa = XCBuildConfiguration;
			buildSettings = {
				ASSETCATALOG_COMPILER_APPICON_NAME = AppIcon;
				ASSETCATALOG_COMPILER_GLOBAL_ACCENT_COLOR_NAME = AccentColor;
				CODE_SIGN_STYLE = Automatic;
				DEVELOPMENT_TEAM = 2748K8KASH;
				INFOPLIST_FILE = "ios-core-data-app/Info.plist";
				LD_RUNPATH_SEARCH_PATHS = (
					"$(inherited)",
					"@executable_path/Frameworks",
				);
				PRODUCT_BUNDLE_IDENTIFIER = "com.miguelescamilla.ios-core-data-app";
				PRODUCT_NAME = "$(TARGET_NAME)";
				SWIFT_VERSION = 5.0;
				TARGETED_DEVICE_FAMILY = "1,2";
			};
			name = Release;
		};
		1E82C577254DEEB3000C0A96 /* Debug */ = {
			isa = XCBuildConfiguration;
			buildSettings = {
				ALWAYS_EMBED_SWIFT_STANDARD_LIBRARIES = YES;
				BUNDLE_LOADER = "$(TEST_HOST)";
				CODE_SIGN_STYLE = Automatic;
				DEVELOPMENT_TEAM = 2748K8KASH;
				INFOPLIST_FILE = "ios-core-data-appTests/Info.plist";
				IPHONEOS_DEPLOYMENT_TARGET = 14.0;
				LD_RUNPATH_SEARCH_PATHS = (
					"$(inherited)",
					"@executable_path/Frameworks",
					"@loader_path/Frameworks",
				);
				PRODUCT_BUNDLE_IDENTIFIER = "com.miguelescamilla.ios-core-data-appTests";
				PRODUCT_NAME = "$(TARGET_NAME)";
				SWIFT_VERSION = 5.0;
				TARGETED_DEVICE_FAMILY = "1,2";
				TEST_HOST = "$(BUILT_PRODUCTS_DIR)/ios-core-data-app.app/ios-core-data-app";
			};
			name = Debug;
		};
		1E82C578254DEEB3000C0A96 /* Release */ = {
			isa = XCBuildConfiguration;
			buildSettings = {
				ALWAYS_EMBED_SWIFT_STANDARD_LIBRARIES = YES;
				BUNDLE_LOADER = "$(TEST_HOST)";
				CODE_SIGN_STYLE = Automatic;
				DEVELOPMENT_TEAM = 2748K8KASH;
				INFOPLIST_FILE = "ios-core-data-appTests/Info.plist";
				IPHONEOS_DEPLOYMENT_TARGET = 14.0;
				LD_RUNPATH_SEARCH_PATHS = (
					"$(inherited)",
					"@executable_path/Frameworks",
					"@loader_path/Frameworks",
				);
				PRODUCT_BUNDLE_IDENTIFIER = "com.miguelescamilla.ios-core-data-appTests";
				PRODUCT_NAME = "$(TARGET_NAME)";
				SWIFT_VERSION = 5.0;
				TARGETED_DEVICE_FAMILY = "1,2";
				TEST_HOST = "$(BUILT_PRODUCTS_DIR)/ios-core-data-app.app/ios-core-data-app";
			};
			name = Release;
		};
		1E82C57A254DEEB3000C0A96 /* Debug */ = {
			isa = XCBuildConfiguration;
			buildSettings = {
				ALWAYS_EMBED_SWIFT_STANDARD_LIBRARIES = YES;
				CODE_SIGN_STYLE = Automatic;
				DEVELOPMENT_TEAM = 2748K8KASH;
				INFOPLIST_FILE = "ios-core-data-appUITests/Info.plist";
				LD_RUNPATH_SEARCH_PATHS = (
					"$(inherited)",
					"@executable_path/Frameworks",
					"@loader_path/Frameworks",
				);
				PRODUCT_BUNDLE_IDENTIFIER = "com.miguelescamilla.ios-core-data-appUITests";
				PRODUCT_NAME = "$(TARGET_NAME)";
				SWIFT_VERSION = 5.0;
				TARGETED_DEVICE_FAMILY = "1,2";
				TEST_TARGET_NAME = "ios-core-data-app";
			};
			name = Debug;
		};
		1E82C57B254DEEB3000C0A96 /* Release */ = {
			isa = XCBuildConfiguration;
			buildSettings = {
				ALWAYS_EMBED_SWIFT_STANDARD_LIBRARIES = YES;
				CODE_SIGN_STYLE = Automatic;
				DEVELOPMENT_TEAM = 2748K8KASH;
				INFOPLIST_FILE = "ios-core-data-appUITests/Info.plist";
				LD_RUNPATH_SEARCH_PATHS = (
					"$(inherited)",
					"@executable_path/Frameworks",
					"@loader_path/Frameworks",
				);
				PRODUCT_BUNDLE_IDENTIFIER = "com.miguelescamilla.ios-core-data-appUITests";
				PRODUCT_NAME = "$(TARGET_NAME)";
				SWIFT_VERSION = 5.0;
				TARGETED_DEVICE_FAMILY = "1,2";
				TEST_TARGET_NAME = "ios-core-data-app";
			};
			name = Release;
		};
/* End XCBuildConfiguration section */

/* Begin XCConfigurationList section */
		1E82C541254DEEB0000C0A96 /* Build configuration list for PBXProject "ios-core-data-app" */ = {
			isa = XCConfigurationList;
			buildConfigurations = (
				1E82C571254DEEB3000C0A96 /* Debug */,
				1E82C572254DEEB3000C0A96 /* Release */,
			);
			defaultConfigurationIsVisible = 0;
			defaultConfigurationName = Release;
		};
		1E82C573254DEEB3000C0A96 /* Build configuration list for PBXNativeTarget "ios-core-data-app" */ = {
			isa = XCConfigurationList;
			buildConfigurations = (
				1E82C574254DEEB3000C0A96 /* Debug */,
				1E82C575254DEEB3000C0A96 /* Release */,
			);
			defaultConfigurationIsVisible = 0;
			defaultConfigurationName = Release;
		};
		1E82C576254DEEB3000C0A96 /* Build configuration list for PBXNativeTarget "ios-core-data-appTests" */ = {
			isa = XCConfigurationList;
			buildConfigurations = (
				1E82C577254DEEB3000C0A96 /* Debug */,
				1E82C578254DEEB3000C0A96 /* Release */,
			);
			defaultConfigurationIsVisible = 0;
			defaultConfigurationName = Release;
		};
		1E82C579254DEEB3000C0A96 /* Build configuration list for PBXNativeTarget "ios-core-data-appUITests" */ = {
			isa = XCConfigurationList;
			buildConfigurations = (
				1E82C57A254DEEB3000C0A96 /* Debug */,
				1E82C57B254DEEB3000C0A96 /* Release */,
			);
			defaultConfigurationIsVisible = 0;
			defaultConfigurationName = Release;
		};
/* End XCConfigurationList section */

/* Begin XCVersionGroup section */
		1E82C552254DEEB1000C0A96 /* ios_core_data_app.xcdatamodeld */ = {
			isa = XCVersionGroup;
			children = (
				1E82C553254DEEB1000C0A96 /* ios_core_data_app.xcdatamodel */,
			);
			currentVersion = 1E82C553254DEEB1000C0A96 /* ios_core_data_app.xcdatamodel */;
			path = ios_core_data_app.xcdatamodeld;
			sourceTree = "<group>";
			versionGroupType = wrapper.xcdatamodel;
		};
/* End XCVersionGroup section */
	};
	rootObject = 1E82C53E254DEEB0000C0A96 /* Project object */;
}
